
Microsoft Visual Studio Solution File, Format Version 12.00
# Visual Studio Version 16
VisualStudioVersion = 16.0.31205.134
MinimumVisualStudioVersion = 10.0.40219.1
Project("{FAE04EC0-301F-11D3-BF4B-00C04F79EFBC}") = "Week10Homework", "Week10Homework\Week10Homework.csproj", "{3318DE8F-ED7B-4A50-BBD1-A663DDC9D2D6}"
EndProject
Global
	GlobalSection(SolutionConfigurationPlatforms) = preSolution
		Debug|Any CPU = Debug|Any CPU
		Release|Any CPU = Release|Any CPU
	EndGlobalSection
	GlobalSection(ProjectConfigurationPlatforms) = postSolution
		{3318DE8F-ED7B-4A50-BBD1-A663DDC9D2D6}.Debug|Any CPU.ActiveCfg = Debug|Any CPU
		{3318DE8F-ED7B-4A50-BBD1-A663DDC9D2D6}.Debug|Any CPU.Build.0 = Debug|Any CPU
		{3318DE8F-ED7B-4A50-BBD1-A663DDC9D2D6}.Release|Any CPU.ActiveCfg = Release|Any CPU
		{3318DE8F-ED7B-4A50-BBD1-A663DDC9D2D6}.Release|Any CPU.Build.0 = Release|Any CPU
	EndGlobalSection
	GlobalSection(SolutionProperties) = preSolution
		HideSolutionNode = FALSE
	EndGlobalSection
	GlobalSection(ExtensibilityGlobals) = postSolution
		SolutionGuid = {14E1D94C-ABB3-49BC-8F74-7393E489D5FF}
	EndGlobalSection
EndGlobal
